// !$*UTF8*$!
{
	archiveVersion = 1;
	classes = {
	};
	objectVersion = 48;
	objects = {

/* Begin PBXBuildFile section */
		EA2345AA20214B1700D3B200 /* AppDelegate.swift in Sources */ = {isa = PBXBuildFile; fileRef = EA2345A920214B1700D3B200 /* AppDelegate.swift */; };
		EA2345AC20214B1700D3B200 /* ViewController.swift in Sources */ = {isa = PBXBuildFile; fileRef = EA2345AB20214B1700D3B200 /* ViewController.swift */; };
		EA2345AF20214B1700D3B200 /* Main.storyboard in Resources */ = {isa = PBXBuildFile; fileRef = EA2345AD20214B1700D3B200 /* Main.storyboard */; };
		EA2345B120214B1700D3B200 /* Assets.xcassets in Resources */ = {isa = PBXBuildFile; fileRef = EA2345B020214B1700D3B200 /* Assets.xcassets */; };
		EA2345B420214B1700D3B200 /* LaunchScreen.storyboard in Resources */ = {isa = PBXBuildFile; fileRef = EA2345B220214B1700D3B200 /* LaunchScreen.storyboard */; };
		EA2345BF20214B1700D3B200 /* HeapTests.swift in Sources */ = {isa = PBXBuildFile; fileRef = EA2345BE20214B1700D3B200 /* HeapTests.swift */; };
		EA2345CA20214B1700D3B200 /* HeapUITests.swift in Sources */ = {isa = PBXBuildFile; fileRef = EA2345C920214B1700D3B200 /* HeapUITests.swift */; };
/* End PBXBuildFile section */

/* Begin PBXContainerItemProxy section */
		EA2345BB20214B1700D3B200 /* PBXContainerItemProxy */ = {
			isa = PBXContainerItemProxy;
			containerPortal = EA23459E20214B1600D3B200 /* Project object */;
			proxyType = 1;
			remoteGlobalIDString = EA2345A520214B1600D3B200;
			remoteInfo = Heap;
		};
		EA2345C620214B1700D3B200 /* PBXContainerItemProxy */ = {
			isa = PBXContainerItemProxy;
			containerPortal = EA23459E20214B1600D3B200 /* Project object */;
			proxyType = 1;
			remoteGlobalIDString = EA2345A520214B1600D3B200;
			remoteInfo = Heap;
		};
/* End PBXContainerItemProxy section */

/* Begin PBXFileReference section */
		EA2345A620214B1700D3B200 /* Heap.app */ = {isa = PBXFileReference; explicitFileType = wrapper.application; includeInIndex = 0; path = Heap.app; sourceTree = BUILT_PRODUCTS_DIR; };
		EA2345A920214B1700D3B200 /* AppDelegate.swift */ = {isa = PBXFileReference; lastKnownFileType = sourcecode.swift; path = AppDelegate.swift; sourceTree = "<group>"; };
		EA2345AB20214B1700D3B200 /* ViewController.swift */ = {isa = PBXFileReference; lastKnownFileType = sourcecode.swift; path = ViewController.swift; sourceTree = "<group>"; };
		EA2345AE20214B1700D3B200 /* Base */ = {isa = PBXFileReference; lastKnownFileType = file.storyboard; name = Base; path = Base.lproj/Main.storyboard; sourceTree = "<group>"; };
		EA2345B020214B1700D3B200 /* Assets.xcassets */ = {isa = PBXFileReference; lastKnownFileType = folder.assetcatalog; path = Assets.xcassets; sourceTree = "<group>"; };
		EA2345B320214B1700D3B200 /* Base */ = {isa = PBXFileReference; lastKnownFileType = file.storyboard; name = Base; path = Base.lproj/LaunchScreen.storyboard; sourceTree = "<group>"; };
		EA2345B520214B1700D3B200 /* Info.plist */ = {isa = PBXFileReference; lastKnownFileType = text.plist.xml; path = Info.plist; sourceTree = "<group>"; };
		EA2345BA20214B1700D3B200 /* HeapTests.xctest */ = {isa = PBXFileReference; explicitFileType = wrapper.cfbundle; includeInIndex = 0; path = HeapTests.xctest; sourceTree = BUILT_PRODUCTS_DIR; };
		EA2345BE20214B1700D3B200 /* HeapTests.swift */ = {isa = PBXFileReference; lastKnownFileType = sourcecode.swift; path = HeapTests.swift; sourceTree = "<group>"; };
		EA2345C020214B1700D3B200 /* Info.plist */ = {isa = PBXFileReference; lastKnownFileType = text.plist.xml; path = Info.plist; sourceTree = "<group>"; };
		EA2345C520214B1700D3B200 /* HeapUITests.xctest */ = {isa = PBXFileReference; explicitFileType = wrapper.cfbundle; includeInIndex = 0; path = HeapUITests.xctest; sourceTree = BUILT_PRODUCTS_DIR; };
		EA2345C920214B1700D3B200 /* HeapUITests.swift */ = {isa = PBXFileReference; lastKnownFileType = sourcecode.swift; path = HeapUITests.swift; sourceTree = "<group>"; };
		EA2345CB20214B1700D3B200 /* Info.plist */ = {isa = PBXFileReference; lastKnownFileType = text.plist.xml; path = Info.plist; sourceTree = "<group>"; };
/* End PBXFileReference section */

/* Begin PBXFrameworksBuildPhase section */
		EA2345A320214B1600D3B200 /* Frameworks */ = {
			isa = PBXFrameworksBuildPhase;
			buildActionMask = 2147483647;
			files = (
			);
			runOnlyForDeploymentPostprocessing = 0;
		};
		EA2345B720214B1700D3B200 /* Frameworks */ = {
			isa = PBXFrameworksBuildPhase;
			buildActionMask = 2147483647;
			files = (
			);
			runOnlyForDeploymentPostprocessing = 0;
		};
		EA2345C220214B1700D3B200 /* Frameworks */ = {
			isa = PBXFrameworksBuildPhase;
			buildActionMask = 2147483647;
			files = (
			);
			runOnlyForDeploymentPostprocessing = 0;
		};
/* End PBXFrameworksBuildPhase section */

/* Begin PBXGroup section */
		EA23459D20214B1600D3B200 = {
			isa = PBXGroup;
			children = (
				EA2345A820214B1700D3B200 /* Heap */,
				EA2345BD20214B1700D3B200 /* HeapTests */,
				EA2345C820214B1700D3B200 /* HeapUITests */,
				EA2345A720214B1700D3B200 /* Products */,
			);
			sourceTree = "<group>";
		};
		EA2345A720214B1700D3B200 /* Products */ = {
			isa = PBXGroup;
			children = (
				EA2345A620214B1700D3B200 /* Heap.app */,
				EA2345BA20214B1700D3B200 /* HeapTests.xctest */,
				EA2345C520214B1700D3B200 /* HeapUITests.xctest */,
			);
			name = Products;
			sourceTree = "<group>";
		};
		EA2345A820214B1700D3B200 /* Heap */ = {
			isa = PBXGroup;
			children = (
				EA2345A920214B1700D3B200 /* AppDelegate.swift */,
				EA2345AB20214B1700D3B200 /* ViewController.swift */,
				EA2345AD20214B1700D3B200 /* Main.storyboard */,
				EA2345B020214B1700D3B200 /* Assets.xcassets */,
				EA2345B220214B1700D3B200 /* LaunchScreen.storyboard */,
				EA2345B520214B1700D3B200 /* Info.plist */,
			);
			path = Heap;
			sourceTree = "<group>";
		};
		EA2345BD20214B1700D3B200 /* HeapTests */ = {
			isa = PBXGroup;
			children = (
				EA2345BE20214B1700D3B200 /* HeapTests.swift */,
				EA2345C020214B1700D3B200 /* Info.plist */,
			);
			path = HeapTests;
			sourceTree = "<group>";
		};
		EA2345C820214B1700D3B200 /* HeapUITests */ = {
			isa = PBXGroup;
			children = (
				EA2345C920214B1700D3B200 /* HeapUITests.swift */,
				EA2345CB20214B1700D3B200 /* Info.plist */,
			);
			path = HeapUITests;
			sourceTree = "<group>";
		};
/* End PBXGroup section */

/* Begin PBXNativeTarget section */
		EA2345A520214B1600D3B200 /* Heap */ = {
			isa = PBXNativeTarget;
			buildConfigurationList = EA2345CE20214B1700D3B200 /* Build configuration list for PBXNativeTarget "Heap" */;
			buildPhases = (
				EA2345A220214B1600D3B200 /* Sources */,
				EA2345A320214B1600D3B200 /* Frameworks */,
				EA2345A420214B1600D3B200 /* Resources */,
			);
			buildRules = (
			);
			dependencies = (
			);
			name = Heap;
			productName = Heap;
			productReference = EA2345A620214B1700D3B200 /* Heap.app */;
			productType = "com.apple.product-type.application";
		};
		EA2345B920214B1700D3B200 /* HeapTests */ = {
			isa = PBXNativeTarget;
			buildConfigurationList = EA2345D120214B1700D3B200 /* Build configuration list for PBXNativeTarget "HeapTests" */;
			buildPhases = (
				EA2345B620214B1700D3B200 /* Sources */,
				EA2345B720214B1700D3B200 /* Frameworks */,
				EA2345B820214B1700D3B200 /* Resources */,
			);
			buildRules = (
			);
			dependencies = (
				EA2345BC20214B1700D3B200 /* PBXTargetDependency */,
			);
			name = HeapTests;
			productName = HeapTests;
			productReference = EA2345BA20214B1700D3B200 /* HeapTests.xctest */;
			productType = "com.apple.product-type.bundle.unit-test";
		};
		EA2345C420214B1700D3B200 /* HeapUITests */ = {
			isa = PBXNativeTarget;
			buildConfigurationList = EA2345D420214B1700D3B200 /* Build configuration list for PBXNativeTarget "HeapUITests" */;
			buildPhases = (
				EA2345C120214B1700D3B200 /* Sources */,
				EA2345C220214B1700D3B200 /* Frameworks */,
				EA2345C320214B1700D3B200 /* Resources */,
			);
			buildRules = (
			);
			dependencies = (
				EA2345C720214B1700D3B200 /* PBXTargetDependency */,
			);
			name = HeapUITests;
			productName = HeapUITests;
			productReference = EA2345C520214B1700D3B200 /* HeapUITests.xctest */;
			productType = "com.apple.product-type.bundle.ui-testing";
		};
/* End PBXNativeTarget section */

/* Begin PBXProject section */
		EA23459E20214B1600D3B200 /* Project object */ = {
			isa = PBXProject;
			attributes = {
				LastSwiftUpdateCheck = 0920;
				LastUpgradeCheck = 0920;
				ORGANIZATIONNAME = "George Reyes";
				TargetAttributes = {
					EA2345A520214B1600D3B200 = {
						CreatedOnToolsVersion = 9.2;
						ProvisioningStyle = Automatic;
					};
					EA2345B920214B1700D3B200 = {
						CreatedOnToolsVersion = 9.2;
						ProvisioningStyle = Automatic;
						TestTargetID = EA2345A520214B1600D3B200;
					};
					EA2345C420214B1700D3B200 = {
						CreatedOnToolsVersion = 9.2;
						ProvisioningStyle = Automatic;
						TestTargetID = EA2345A520214B1600D3B200;
					};
				};
			};
			buildConfigurationList = EA2345A120214B1600D3B200 /* Build configuration list for PBXProject "Heap" */;
			compatibilityVersion = "Xcode 8.0";
			developmentRegion = en;
			hasScannedForEncodings = 0;
			knownRegions = (
				en,
				Base,
			);
			mainGroup = EA23459D20214B1600D3B200;
			productRefGroup = EA2345A720214B1700D3B200 /* Products */;
			projectDirPath = "";
			projectRoot = "";
			targets = (
				EA2345A520214B1600D3B200 /* Heap */,
				EA2345B920214B1700D3B200 /* HeapTests */,
				EA2345C420214B1700D3B200 /* HeapUITests */,
			);
		};
/* End PBXProject section */

/* Begin PBXResourcesBuildPhase section */
		EA2345A420214B1600D3B200 /* Resources */ = {
			isa = PBXResourcesBuildPhase;
			buildActionMask = 2147483647;
			files = (
				EA2345B420214B1700D3B200 /* LaunchScreen.storyboard in Resources */,
				EA2345B120214B1700D3B200 /* Assets.xcassets in Resources */,
				EA2345AF20214B1700D3B200 /* Main.storyboard in Resources */,
			);
			runOnlyForDeploymentPostprocessing = 0;
		};
		EA2345B820214B1700D3B200 /* Resources */ = {
			isa = PBXResourcesBuildPhase;
			buildActionMask = 2147483647;
			files = (
			);
			runOnlyForDeploymentPostprocessing = 0;
		};
		EA2345C320214B1700D3B200 /* Resources */ = {
			isa = PBXResourcesBuildPhase;
			buildActionMask = 2147483647;
			files = (
			);
			runOnlyForDeploymentPostprocessing = 0;
		};
/* End PBXResourcesBuildPhase section */

/* Begin PBXSourcesBuildPhase section */
		EA2345A220214B1600D3B200 /* Sources */ = {
			isa = PBXSourcesBuildPhase;
			buildActionMask = 2147483647;
			files = (
				EA2345AC20214B1700D3B200 /* ViewController.swift in Sources */,
				EA2345AA20214B1700D3B200 /* AppDelegate.swift in Sources */,
			);
			runOnlyForDeploymentPostprocessing = 0;
		};
		EA2345B620214B1700D3B200 /* Sources */ = {
			isa = PBXSourcesBuildPhase;
			buildActionMask = 2147483647;
			files = (
				EA2345BF20214B1700D3B200 /* HeapTests.swift in Sources */,
			);
			runOnlyForDeploymentPostprocessing = 0;
		};
		EA2345C120214B1700D3B200 /* Sources */ = {
			isa = PBXSourcesBuildPhase;
			buildActionMask = 2147483647;
			files = (
				EA2345CA20214B1700D3B200 /* HeapUITests.swift in Sources */,
			);
			runOnlyForDeploymentPostprocessing = 0;
		};
/* End PBXSourcesBuildPhase section */

/* Begin PBXTargetDependency section */
		EA2345BC20214B1700D3B200 /* PBXTargetDependency */ = {
			isa = PBXTargetDependency;
			target = EA2345A520214B1600D3B200 /* Heap */;
			targetProxy = EA2345BB20214B1700D3B200 /* PBXContainerItemProxy */;
		};
		EA2345C720214B1700D3B200 /* PBXTargetDependency */ = {
			isa = PBXTargetDependency;
			target = EA2345A520214B1600D3B200 /* Heap */;
			targetProxy = EA2345C620214B1700D3B200 /* PBXContainerItemProxy */;
		};
/* End PBXTargetDependency section */

/* Begin PBXVariantGroup section */
		EA2345AD20214B1700D3B200 /* Main.storyboard */ = {
			isa = PBXVariantGroup;
			children = (
				EA2345AE20214B1700D3B200 /* Base */,
			);
			name = Main.storyboard;
			sourceTree = "<group>";
		};
		EA2345B220214B1700D3B200 /* LaunchScreen.storyboard */ = {
			isa = PBXVariantGroup;
			children = (
				EA2345B320214B1700D3B200 /* Base */,
			);
			name = LaunchScreen.storyboard;
			sourceTree = "<group>";
		};
/* End PBXVariantGroup section */

/* Begin XCBuildConfiguration section */
		EA2345CC20214B1700D3B200 /* Debug */ = {
			isa = XCBuildConfiguration;
			buildSettings = {
				ALWAYS_SEARCH_USER_PATHS = NO;
				CLANG_ANALYZER_NONNULL = YES;
				CLANG_ANALYZER_NUMBER_OBJECT_CONVERSION = YES_AGGRESSIVE;
				CLANG_CXX_LANGUAGE_STANDARD = "gnu++14";
				CLANG_CXX_LIBRARY = "libc++";
				CLANG_ENABLE_MODULES = YES;
				CLANG_ENABLE_OBJC_ARC = YES;
				CLANG_WARN_BLOCK_CAPTURE_AUTORELEASING = YES;
				CLANG_WARN_BOOL_CONVERSION = YES;
				CLANG_WARN_COMMA = YES;
				CLANG_WARN_CONSTANT_CONVERSION = YES;
				CLANG_WARN_DIRECT_OBJC_ISA_USAGE = YES_ERROR;
				CLANG_WARN_DOCUMENTATION_COMMENTS = YES;
				CLANG_WARN_EMPTY_BODY = YES;
				CLANG_WARN_ENUM_CONVERSION = YES;
				CLANG_WARN_INFINITE_RECURSION = YES;
				CLANG_WARN_INT_CONVERSION = YES;
				CLANG_WARN_NON_LITERAL_NULL_CONVERSION = YES;
				CLANG_WARN_OBJC_LITERAL_CONVERSION = YES;
				CLANG_WARN_OBJC_ROOT_CLASS = YES_ERROR;
				CLANG_WARN_RANGE_LOOP_ANALYSIS = YES;
				CLANG_WARN_STRICT_PROTOTYPES = YES;
				CLANG_WARN_SUSPICIOUS_MOVE = YES;
				CLANG_WARN_UNGUARDED_AVAILABILITY = YES_AGGRESSIVE;
				CLANG_WARN_UNREACHABLE_CODE = YES;
				CLANG_WARN__DUPLICATE_METHOD_MATCH = YES;
				CODE_SIGN_IDENTITY = "iPhone Developer";
				COPY_PHASE_STRIP = NO;
				DEBUG_INFORMATION_FORMAT = dwarf;
				ENABLE_STRICT_OBJC_MSGSEND = YES;
				ENABLE_TESTABILITY = YES;
				GCC_C_LANGUAGE_STANDARD = gnu11;
				GCC_DYNAMIC_NO_PIC = NO;
				GCC_NO_COMMON_BLOCKS = YES;
				GCC_OPTIMIZATION_LEVEL = 0;
				GCC_PREPROCESSOR_DEFINITIONS = (
					"DEBUG=1",
					"$(inherited)",
				);
				GCC_WARN_64_TO_32_BIT_CONVERSION = YES;
				GCC_WARN_ABOUT_RETURN_TYPE = YES_ERROR;
				GCC_WARN_UNDECLARED_SELECTOR = YES;
				GCC_WARN_UNINITIALIZED_AUTOS = YES_AGGRESSIVE;
				GCC_WARN_UNUSED_FUNCTION = YES;
				GCC_WARN_UNUSED_VARIABLE = YES;
				IPHONEOS_DEPLOYMENT_TARGET = 11.2;
				MTL_ENABLE_DEBUG_INFO = YES;
				ONLY_ACTIVE_ARCH = YES;
				SDKROOT = iphoneos;
				SWIFT_ACTIVE_COMPILATION_CONDITIONS = DEBUG;
				SWIFT_OPTIMIZATION_LEVEL = "-Onone";
			};
			name = Debug;
		};
		EA2345CD20214B1700D3B200 /* Release */ = {
			isa = XCBuildConfiguration;
			buildSettings = {
				ALWAYS_SEARCH_USER_PATHS = NO;
				CLANG_ANALYZER_NONNULL = YES;
				CLANG_ANALYZER_NUMBER_OBJECT_CONVERSION = YES_AGGRESSIVE;
				CLANG_CXX_LANGUAGE_STANDARD = "gnu++14";
				CLANG_CXX_LIBRARY = "libc++";
				CLANG_ENABLE_MODULES = YES;
				CLANG_ENABLE_OBJC_ARC = YES;
				CLANG_WARN_BLOCK_CAPTURE_AUTORELEASING = YES;
				CLANG_WARN_BOOL_CONVERSION = YES;
				CLANG_WARN_COMMA = YES;
				CLANG_WARN_CONSTANT_CONVERSION = YES;
				CLANG_WARN_DIRECT_OBJC_ISA_USAGE = YES_ERROR;
				CLANG_WARN_DOCUMENTATION_COMMENTS = YES;
				CLANG_WARN_EMPTY_BODY = YES;
				CLANG_WARN_ENUM_CONVERSION = YES;
				CLANG_WARN_INFINITE_RECURSION = YES;
				CLANG_WARN_INT_CONVERSION = YES;
				CLANG_WARN_NON_LITERAL_NULL_CONVERSION = YES;
				CLANG_WARN_OBJC_LITERAL_CONVERSION = YES;
				CLANG_WARN_OBJC_ROOT_CLASS = YES_ERROR;
				CLANG_WARN_RANGE_LOOP_ANALYSIS = YES;
				CLANG_WARN_STRICT_PROTOTYPES = YES;
				CLANG_WARN_SUSPICIOUS_MOVE = YES;
				CLANG_WARN_UNGUARDED_AVAILABILITY = YES_AGGRESSIVE;
				CLANG_WARN_UNREACHABLE_CODE = YES;
				CLANG_WARN__DUPLICATE_METHOD_MATCH = YES;
				CODE_SIGN_IDENTITY = "iPhone Developer";
				COPY_PHASE_STRIP = NO;
				DEBUG_INFORMATION_FORMAT = "dwarf-with-dsym";
				ENABLE_NS_ASSERTIONS = NO;
				ENABLE_STRICT_OBJC_MSGSEND = YES;
				GCC_C_LANGUAGE_STANDARD = gnu11;
				GCC_NO_COMMON_BLOCKS = YES;
				GCC_WARN_64_TO_32_BIT_CONVERSION = YES;
				GCC_WARN_ABOUT_RETURN_TYPE = YES_ERROR;
				GCC_WARN_UNDECLARED_SELECTOR = YES;
				GCC_WARN_UNINITIALIZED_AUTOS = YES_AGGRESSIVE;
				GCC_WARN_UNUSED_FUNCTION = YES;
				GCC_WARN_UNUSED_VARIABLE = YES;
				IPHONEOS_DEPLOYMENT_TARGET = 11.2;
				MTL_ENABLE_DEBUG_INFO = NO;
				SDKROOT = iphoneos;
				SWIFT_OPTIMIZATION_LEVEL = "-Owholemodule";
				VALIDATE_PRODUCT = YES;
			};
			name = Release;
		};
		EA2345CF20214B1700D3B200 /* Debug */ = {
			isa = XCBuildConfiguration;
			buildSettings = {
				ASSETCATALOG_COMPILER_APPICON_NAME = AppIcon;
				CODE_SIGN_STYLE = Automatic;
				DEVELOPMENT_TEAM = 5J3ZGHJYPN;
				INFOPLIST_FILE = Heap/Info.plist;
				LD_RUNPATH_SEARCH_PATHS = "$(inherited) @executable_path/Frameworks";
				PRODUCT_BUNDLE_IDENTIFIER = com.pixelgroup.Heap;
				PRODUCT_NAME = "$(TARGET_NAME)";
				SWIFT_VERSION = 4.0;
				TARGETED_DEVICE_FAMILY = "1,2";
			};
			name = Debug;
		};
		EA2345D020214B1700D3B200 /* Release */ = {
			isa = XCBuildConfiguration;
			buildSettings = {
				ASSETCATALOG_COMPILER_APPICON_NAME = AppIcon;
				CODE_SIGN_STYLE = Automatic;
				DEVELOPMENT_TEAM = 5J3ZGHJYPN;
				INFOPLIST_FILE = Heap/Info.plist;
				LD_RUNPATH_SEARCH_PATHS = "$(inherited) @executable_path/Frameworks";
				PRODUCT_BUNDLE_IDENTIFIER = com.pixelgroup.Heap;
				PRODUCT_NAME = "$(TARGET_NAME)";
				SWIFT_VERSION = 4.0;
				TARGETED_DEVICE_FAMILY = "1,2";
			};
			name = Release;
		};
		EA2345D220214B1700D3B200 /* Debug */ = {
			isa = XCBuildConfiguration;
			buildSettings = {
				ALWAYS_EMBED_SWIFT_STANDARD_LIBRARIES = YES;
				BUNDLE_LOADER = "$(TEST_HOST)";
				CODE_SIGN_STYLE = Automatic;
				DEVELOPMENT_TEAM = 5J3ZGHJYPN;
				INFOPLIST_FILE = HeapTests/Info.plist;
				LD_RUNPATH_SEARCH_PATHS = "$(inherited) @executable_path/Frameworks @loader_path/Frameworks";
				PRODUCT_BUNDLE_IDENTIFIER = com.pixelgroup.HeapTests;
				PRODUCT_NAME = "$(TARGET_NAME)";
				SWIFT_VERSION = 4.0;
				TARGETED_DEVICE_FAMILY = "1,2";
				TEST_HOST = "$(BUILT_PRODUCTS_DIR)/Heap.app/Heap";
			};
			name = Debug;
		};
		EA2345D320214B1700D3B200 /* Release */ = {
			isa = XCBuildConfiguration;
			buildSettings = {
				ALWAYS_EMBED_SWIFT_STANDARD_LIBRARIES = YES;
				BUNDLE_LOADER = "$(TEST_HOST)";
				CODE_SIGN_STYLE = Automatic;
				DEVELOPMENT_TEAM = 5J3ZGHJYPN;
				INFOPLIST_FILE = HeapTests/Info.plist;
				LD_RUNPATH_SEARCH_PATHS = "$(inherited) @executable_path/Frameworks @loader_path/Frameworks";
				PRODUCT_BUNDLE_IDENTIFIER = com.pixelgroup.HeapTests;
				PRODUCT_NAME = "$(TARGET_NAME)";
				SWIFT_VERSION = 4.0;
				TARGETED_DEVICE_FAMILY = "1,2";
				TEST_HOST = "$(BUILT_PRODUCTS_DIR)/Heap.app/Heap";
			};
			name = Release;
		};
		EA2345D520214B1700D3B200 /* Debug */ = {
			isa = XCBuildConfiguration;
			buildSettings = {
				ALWAYS_EMBED_SWIFT_STANDARD_LIBRARIES = YES;
				CODE_SIGN_STYLE = Automatic;
				DEVELOPMENT_TEAM = 5J3ZGHJYPN;
				INFOPLIST_FILE = HeapUITests/Info.plist;
				LD_RUNPATH_SEARCH_PATHS = "$(inherited) @executable_path/Frameworks @loader_path/Frameworks";
				PRODUCT_BUNDLE_IDENTIFIER = com.pixelgroup.HeapUITests;
				PRODUCT_NAME = "$(TARGET_NAME)";
				SWIFT_VERSION = 4.0;
				TARGETED_DEVICE_FAMILY = "1,2";
				TEST_TARGET_NAME = Heap;
			};
			name = Debug;
		};
		EA2345D620214B1700D3B200 /* Release */ = {
			isa = XCBuildConfiguration;
			buildSettings = {
				ALWAYS_EMBED_SWIFT_STANDARD_LIBRARIES = YES;
				CODE_SIGN_STYLE = Automatic;
				DEVELOPMENT_TEAM = 5J3ZGHJYPN;
				INFOPLIST_FILE = HeapUITests/Info.plist;
				LD_RUNPATH_SEARCH_PATHS = "$(inherited) @executable_path/Frameworks @loader_path/Frameworks";
				PRODUCT_BUNDLE_IDENTIFIER = com.pixelgroup.HeapUITests;
				PRODUCT_NAME = "$(TARGET_NAME)";
				SWIFT_VERSION = 4.0;
				TARGETED_DEVICE_FAMILY = "1,2";
				TEST_TARGET_NAME = Heap;
			};
			name = Release;
		};
/* End XCBuildConfiguration section */

/* Begin XCConfigurationList section */
		EA2345A120214B1600D3B200 /* Build configuration list for PBXProject "Heap" */ = {
			isa = XCConfigurationList;
			buildConfigurations = (
				EA2345CC20214B1700D3B200 /* Debug */,
				EA2345CD20214B1700D3B200 /* Release */,
			);
			defaultConfigurationIsVisible = 0;
			defaultConfigurationName = Release;
		};
		EA2345CE20214B1700D3B200 /* Build configuration list for PBXNativeTarget "Heap" */ = {
			isa = XCConfigurationList;
			buildConfigurations = (
				EA2345CF20214B1700D3B200 /* Debug */,
				EA2345D020214B1700D3B200 /* Release */,
			);
			defaultConfigurationIsVisible = 0;
			defaultConfigurationName = Release;
		};
		EA2345D120214B1700D3B200 /* Build configuration list for PBXNativeTarget "HeapTests" */ = {
			isa = XCConfigurationList;
			buildConfigurations = (
				EA2345D220214B1700D3B200 /* Debug */,
				EA2345D320214B1700D3B200 /* Release */,
			);
			defaultConfigurationIsVisible = 0;
			defaultConfigurationName = Release;
		};
		EA2345D420214B1700D3B200 /* Build configuration list for PBXNativeTarget "HeapUITests" */ = {
			isa = XCConfigurationList;
			buildConfigurations = (
				EA2345D520214B1700D3B200 /* Debug */,
				EA2345D620214B1700D3B200 /* Release */,
			);
			defaultConfigurationIsVisible = 0;
			defaultConfigurationName = Release;
		};
/* End XCConfigurationList section */
	};
	rootObject = EA23459E20214B1600D3B200 /* Project object */;
}
